// !$*UTF8*$!
{
	archiveVersion = 1;
	classes = {
	};
	objectVersion = 50;
	objects = {

/* Begin PBXBuildFile section */
		B607791E2458381E00479C78 /* AppDelegate.swift in Sources */ = {isa = PBXBuildFile; fileRef = B607791D2458381E00479C78 /* AppDelegate.swift */; };
		B60779222458381E00479C78 /* ViewController.swift in Sources */ = {isa = PBXBuildFile; fileRef = B60779212458381E00479C78 /* ViewController.swift */; };
		B60779252458381E00479C78 /* Main.storyboard in Resources */ = {isa = PBXBuildFile; fileRef = B60779232458381E00479C78 /* Main.storyboard */; };
		B60779272458382700479C78 /* Assets.xcassets in Resources */ = {isa = PBXBuildFile; fileRef = B60779262458382700479C78 /* Assets.xcassets */; };
		B607792A2458382700479C78 /* LaunchScreen.storyboard in Resources */ = {isa = PBXBuildFile; fileRef = B60779282458382700479C78 /* LaunchScreen.storyboard */; };
		B60779342458397F00479C78 /* Network.swift in Sources */ = {isa = PBXBuildFile; fileRef = B60779332458397F00479C78 /* Network.swift */; };
		B60779362458398700479C78 /* AES.swift in Sources */ = {isa = PBXBuildFile; fileRef = B60779352458398700479C78 /* AES.swift */; };
		B607793C24583D5B00479C78 /* CoreBluetooth.framework in Frameworks */ = {isa = PBXBuildFile; fileRef = B607793A24583D5200479C78 /* CoreBluetooth.framework */; };
		B60B5BC4247503B300EBEE47 /* Transceiver.swift in Sources */ = {isa = PBXBuildFile; fileRef = B60B5BC3247503B300EBEE47 /* Transceiver.swift */; };
		B60C0A122462941D002BA6A0 /* CoreData.framework in Frameworks */ = {isa = PBXBuildFile; fileRef = B60C0A112462941D002BA6A0 /* CoreData.framework */; };
		B60C0A1524629441002BA6A0 /* C19X.xcdatamodeld in Sources */ = {isa = PBXBuildFile; fileRef = B60C0A1324629441002BA6A0 /* C19X.xcdatamodeld */; };
		B60C5838247EB9C100665748 /* RiskAnalysis.swift in Sources */ = {isa = PBXBuildFile; fileRef = B60C5837247EB9C100665748 /* RiskAnalysis.swift */; };
		B635CFE5247907F400873E20 /* Controller.swift in Sources */ = {isa = PBXBuildFile; fileRef = B635CFE4247907F400873E20 /* Controller.swift */; };
		B6439C15247D2A16004338A6 /* Settings.swift in Sources */ = {isa = PBXBuildFile; fileRef = B6439C14247D2A16004338A6 /* Settings.swift */; };
		B6439C17247D2F4F004338A6 /* SecuredStorage.swift in Sources */ = {isa = PBXBuildFile; fileRef = B6439C16247D2F4F004338A6 /* SecuredStorage.swift */; };
		B6439C19247D2F68004338A6 /* Keychain.swift in Sources */ = {isa = PBXBuildFile; fileRef = B6439C18247D2F68004338A6 /* Keychain.swift */; };
		B6439C1B247D2FD8004338A6 /* DataUtilities.swift in Sources */ = {isa = PBXBuildFile; fileRef = B6439C1A247D2FD8004338A6 /* DataUtilities.swift */; };
		B69267DF24BDF32F00062778 /* Beacon test strategy - 20200714.pdf in Resources */ = {isa = PBXBuildFile; fileRef = B69267DE24BDF32E00062778 /* Beacon test strategy - 20200714.pdf */; };
		B693ED8E24A7877A009D50C7 /* BeaconTests.txt in Resources */ = {isa = PBXBuildFile; fileRef = B693ED8D24A7877A009D50C7 /* BeaconTests.txt */; };
		B693ED9224AA1F44009D50C7 /* TestProcedures.txt in Resources */ = {isa = PBXBuildFile; fileRef = B693ED9124AA1F44009D50C7 /* TestProcedures.txt */; };
		B6ABDA0B24B2960C00DF4E00 /* LocationManager.swift in Sources */ = {isa = PBXBuildFile; fileRef = B6ABDA0A24B2960C00DF4E00 /* LocationManager.swift */; };
		B6ABDA0D24B299C600DF4E00 /* Notification.swift in Sources */ = {isa = PBXBuildFile; fileRef = B6ABDA0C24B299C600DF4E00 /* Notification.swift */; };
		B6ABDA1124B52BEF00DF4E00 /* BatteryManager.swift in Sources */ = {isa = PBXBuildFile; fileRef = B6ABDA1024B52BEF00DF4E00 /* BatteryManager.swift */; };
		B6ABDA1724B7216B00DF4E00 /* SHA.swift in Sources */ = {isa = PBXBuildFile; fileRef = B6ABDA1624B7216B00DF4E00 /* SHA.swift */; };
		B6ABDA1924B8BB8600DF4E00 /* MotionDetection.swift in Sources */ = {isa = PBXBuildFile; fileRef = B6ABDA1824B8BB8600DF4E00 /* MotionDetection.swift */; };
		B6B7D94B24698334009874F1 /* DayCodes.swift in Sources */ = {isa = PBXBuildFile; fileRef = B6B7D94A24698334009874F1 /* DayCodes.swift */; };
		B6B7D94D246983C3009874F1 /* BeaconCodes.swift in Sources */ = {isa = PBXBuildFile; fileRef = B6B7D94C246983C3009874F1 /* BeaconCodes.swift */; };
		B6B7D9532469A60E009874F1 /* Transmitter.swift in Sources */ = {isa = PBXBuildFile; fileRef = B6B7D9522469A60E009874F1 /* Transmitter.swift */; };
		B6BC9E2F246A99C00017B281 /* Receiver.swift in Sources */ = {isa = PBXBuildFile; fileRef = B6BC9E2E246A99C00017B281 /* Receiver.swift */; };
		B6BC9E31246D1C9C0017B281 /* BeaconUtilities.swift in Sources */ = {isa = PBXBuildFile; fileRef = B6BC9E30246D1C9C0017B281 /* BeaconUtilities.swift */; };
		B6BC9E34246D1E820017B281 /* Database.swift in Sources */ = {isa = PBXBuildFile; fileRef = B6BC9E33246D1E820017B281 /* Database.swift */; };
		B6CF0EBA249B4C5600073F43 /* ControllerTest.swift in Sources */ = {isa = PBXBuildFile; fileRef = B6CF0EB9249B4C5600073F43 /* ControllerTest.swift */; };
		B6CFE7A2248590D8007D3B6F /* DayCodesTest.swift in Sources */ = {isa = PBXBuildFile; fileRef = B6CFE7A1248590D8007D3B6F /* DayCodesTest.swift */; };
/* End PBXBuildFile section */

/* Begin PBXContainerItemProxy section */
		B6CFE79C24858E2B007D3B6F /* PBXContainerItemProxy */ = {
			isa = PBXContainerItemProxy;
			containerPortal = B60779122458381E00479C78 /* Project object */;
			proxyType = 1;
			remoteGlobalIDString = B60779192458381E00479C78;
			remoteInfo = C19X;
		};
/* End PBXContainerItemProxy section */

/* Begin PBXFileReference section */
		B607791A2458381E00479C78 /* C19X.app */ = {isa = PBXFileReference; explicitFileType = wrapper.application; includeInIndex = 0; path = C19X.app; sourceTree = BUILT_PRODUCTS_DIR; };
		B607791D2458381E00479C78 /* AppDelegate.swift */ = {isa = PBXFileReference; lastKnownFileType = sourcecode.swift; path = AppDelegate.swift; sourceTree = "<group>"; };
		B60779212458381E00479C78 /* ViewController.swift */ = {isa = PBXFileReference; lastKnownFileType = sourcecode.swift; path = ViewController.swift; sourceTree = "<group>"; };
		B60779242458381E00479C78 /* Base */ = {isa = PBXFileReference; lastKnownFileType = file.storyboard; name = Base; path = Base.lproj/Main.storyboard; sourceTree = "<group>"; };
		B60779262458382700479C78 /* Assets.xcassets */ = {isa = PBXFileReference; lastKnownFileType = folder.assetcatalog; path = Assets.xcassets; sourceTree = "<group>"; };
		B60779292458382700479C78 /* Base */ = {isa = PBXFileReference; lastKnownFileType = file.storyboard; name = Base; path = Base.lproj/LaunchScreen.storyboard; sourceTree = "<group>"; };
		B607792B2458382700479C78 /* Info.plist */ = {isa = PBXFileReference; lastKnownFileType = text.plist.xml; path = Info.plist; sourceTree = "<group>"; };
		B60779332458397F00479C78 /* Network.swift */ = {isa = PBXFileReference; lastKnownFileType = sourcecode.swift; path = Network.swift; sourceTree = "<group>"; };
		B60779352458398700479C78 /* AES.swift */ = {isa = PBXFileReference; lastKnownFileType = sourcecode.swift; path = AES.swift; sourceTree = "<group>"; };
		B607793A24583D5200479C78 /* CoreBluetooth.framework */ = {isa = PBXFileReference; lastKnownFileType = wrapper.framework; name = CoreBluetooth.framework; path = System/Library/Frameworks/CoreBluetooth.framework; sourceTree = SDKROOT; };
		B60B5BC3247503B300EBEE47 /* Transceiver.swift */ = {isa = PBXFileReference; lastKnownFileType = sourcecode.swift; path = Transceiver.swift; sourceTree = "<group>"; };
		B60C0A112462941D002BA6A0 /* CoreData.framework */ = {isa = PBXFileReference; lastKnownFileType = wrapper.framework; name = CoreData.framework; path = System/Library/Frameworks/CoreData.framework; sourceTree = SDKROOT; };
		B60C0A1424629441002BA6A0 /* C19X.xcdatamodel */ = {isa = PBXFileReference; lastKnownFileType = wrapper.xcdatamodel; path = C19X.xcdatamodel; sourceTree = "<group>"; };
		B60C5837247EB9C100665748 /* RiskAnalysis.swift */ = {isa = PBXFileReference; lastKnownFileType = sourcecode.swift; path = RiskAnalysis.swift; sourceTree = "<group>"; };
		B635CFE4247907F400873E20 /* Controller.swift */ = {isa = PBXFileReference; lastKnownFileType = sourcecode.swift; path = Controller.swift; sourceTree = "<group>"; };
		B6439C14247D2A16004338A6 /* Settings.swift */ = {isa = PBXFileReference; lastKnownFileType = sourcecode.swift; path = Settings.swift; sourceTree = "<group>"; };
		B6439C16247D2F4F004338A6 /* SecuredStorage.swift */ = {isa = PBXFileReference; lastKnownFileType = sourcecode.swift; path = SecuredStorage.swift; sourceTree = "<group>"; };
		B6439C18247D2F68004338A6 /* Keychain.swift */ = {isa = PBXFileReference; lastKnownFileType = sourcecode.swift; path = Keychain.swift; sourceTree = "<group>"; };
		B6439C1A247D2FD8004338A6 /* DataUtilities.swift */ = {isa = PBXFileReference; lastKnownFileType = sourcecode.swift; path = DataUtilities.swift; sourceTree = "<group>"; };
		B64DA1D92488F5D100ED589B /* AppStore-iPhone-6_5-01.png */ = {isa = PBXFileReference; lastKnownFileType = image.png; path = "AppStore-iPhone-6_5-01.png"; sourceTree = "<group>"; };
		B64DA1DA2488F5D100ED589B /* AppStore-iPhone-6_5-03.png */ = {isa = PBXFileReference; lastKnownFileType = image.png; path = "AppStore-iPhone-6_5-03.png"; sourceTree = "<group>"; };
		B64DA1DB2488F5D200ED589B /* AppStore-iPhone-5_5-03.png */ = {isa = PBXFileReference; lastKnownFileType = image.png; path = "AppStore-iPhone-5_5-03.png"; sourceTree = "<group>"; };
		B64DA1DC2488F5D200ED589B /* AppStore-iPad-12_9-02.png */ = {isa = PBXFileReference; lastKnownFileType = image.png; path = "AppStore-iPad-12_9-02.png"; sourceTree = "<group>"; };
		B64DA1DD2488F5D200ED589B /* AppStore-iPhone-5_5-02.png */ = {isa = PBXFileReference; lastKnownFileType = image.png; path = "AppStore-iPhone-5_5-02.png"; sourceTree = "<group>"; };
		B64DA1DE2488F5D200ED589B /* AppStore-iPad-12_9-01.png */ = {isa = PBXFileReference; lastKnownFileType = image.png; path = "AppStore-iPad-12_9-01.png"; sourceTree = "<group>"; };
		B64DA1DF2488F5D200ED589B /* AppStore-iPhone-5_5-01.png */ = {isa = PBXFileReference; lastKnownFileType = image.png; path = "AppStore-iPhone-5_5-01.png"; sourceTree = "<group>"; };
		B64DA1E02488F5D200ED589B /* AppStore-iPhone-6_5-02.png */ = {isa = PBXFileReference; lastKnownFileType = image.png; path = "AppStore-iPhone-6_5-02.png"; sourceTree = "<group>"; };
		B64DA1E12488F5D200ED589B /* AppStore-iPad-12_9-03.png */ = {isa = PBXFileReference; lastKnownFileType = image.png; path = "AppStore-iPad-12_9-03.png"; sourceTree = "<group>"; };
		B64DA1E22488F5D300ED589B /* Icon.pxd */ = {isa = PBXFileReference; lastKnownFileType = wrapper; path = Icon.pxd; sourceTree = "<group>"; };
		B69267DE24BDF32E00062778 /* Beacon test strategy - 20200714.pdf */ = {isa = PBXFileReference; lastKnownFileType = image.pdf; path = "Beacon test strategy - 20200714.pdf"; sourceTree = "<group>"; };
		B693ED8D24A7877A009D50C7 /* BeaconTests.txt */ = {isa = PBXFileReference; lastKnownFileType = text; path = BeaconTests.txt; sourceTree = "<group>"; };
		B693ED9124AA1F44009D50C7 /* TestProcedures.txt */ = {isa = PBXFileReference; lastKnownFileType = text; path = TestProcedures.txt; sourceTree = "<group>"; };
		B6ABDA0A24B2960C00DF4E00 /* LocationManager.swift */ = {isa = PBXFileReference; lastKnownFileType = sourcecode.swift; path = LocationManager.swift; sourceTree = "<group>"; };
		B6ABDA0C24B299C600DF4E00 /* Notification.swift */ = {isa = PBXFileReference; lastKnownFileType = sourcecode.swift; path = Notification.swift; sourceTree = "<group>"; };
		B6ABDA1024B52BEF00DF4E00 /* BatteryManager.swift */ = {isa = PBXFileReference; lastKnownFileType = sourcecode.swift; path = BatteryManager.swift; sourceTree = "<group>"; };
		B6ABDA1624B7216B00DF4E00 /* SHA.swift */ = {isa = PBXFileReference; lastKnownFileType = sourcecode.swift; path = SHA.swift; sourceTree = "<group>"; };
		B6ABDA1824B8BB8600DF4E00 /* MotionDetection.swift */ = {isa = PBXFileReference; lastKnownFileType = sourcecode.swift; path = MotionDetection.swift; sourceTree = "<group>"; };
		B6ABDA1A24B8FDE600DF4E00 /* CryptoKit.framework */ = {isa = PBXFileReference; lastKnownFileType = wrapper.framework; name = CryptoKit.framework; path = System/Library/Frameworks/CryptoKit.framework; sourceTree = SDKROOT; };
		B6B7D94A24698334009874F1 /* DayCodes.swift */ = {isa = PBXFileReference; lastKnownFileType = sourcecode.swift; path = DayCodes.swift; sourceTree = "<group>"; };
		B6B7D94C246983C3009874F1 /* BeaconCodes.swift */ = {isa = PBXFileReference; lastKnownFileType = sourcecode.swift; path = BeaconCodes.swift; sourceTree = "<group>"; };
		B6B7D9522469A60E009874F1 /* Transmitter.swift */ = {isa = PBXFileReference; lastKnownFileType = sourcecode.swift; path = Transmitter.swift; sourceTree = "<group>"; };
		B6BC9E2E246A99C00017B281 /* Receiver.swift */ = {isa = PBXFileReference; lastKnownFileType = sourcecode.swift; path = Receiver.swift; sourceTree = "<group>"; };
		B6BC9E30246D1C9C0017B281 /* BeaconUtilities.swift */ = {isa = PBXFileReference; lastKnownFileType = sourcecode.swift; path = BeaconUtilities.swift; sourceTree = "<group>"; };
		B6BC9E33246D1E820017B281 /* Database.swift */ = {isa = PBXFileReference; lastKnownFileType = sourcecode.swift; path = Database.swift; sourceTree = "<group>"; };
		B6C1110E24881B5E00E00C74 /* C19X.entitlements */ = {isa = PBXFileReference; lastKnownFileType = text.plist.entitlements; name = C19X.entitlements; path = /Users/Fred/Documents/Software/C19X/iOS/C19X/C19X/C19X.entitlements; sourceTree = "<absolute>"; };
		B6CF0EB9249B4C5600073F43 /* ControllerTest.swift */ = {isa = PBXFileReference; lastKnownFileType = sourcecode.swift; path = ControllerTest.swift; sourceTree = "<group>"; };
		B6CFE79724858E2B007D3B6F /* C19XTests.xctest */ = {isa = PBXFileReference; explicitFileType = wrapper.cfbundle; includeInIndex = 0; path = C19XTests.xctest; sourceTree = BUILT_PRODUCTS_DIR; };
		B6CFE79B24858E2B007D3B6F /* Info.plist */ = {isa = PBXFileReference; lastKnownFileType = text.plist.xml; path = Info.plist; sourceTree = "<group>"; };
		B6CFE7A1248590D8007D3B6F /* DayCodesTest.swift */ = {isa = PBXFileReference; lastKnownFileType = sourcecode.swift; path = DayCodesTest.swift; sourceTree = "<group>"; };
/* End PBXFileReference section */

/* Begin PBXFrameworksBuildPhase section */
		B60779172458381E00479C78 /* Frameworks */ = {
			isa = PBXFrameworksBuildPhase;
			buildActionMask = 2147483647;
			files = (
				B607793C24583D5B00479C78 /* CoreBluetooth.framework in Frameworks */,
				B60C0A122462941D002BA6A0 /* CoreData.framework in Frameworks */,
			);
			runOnlyForDeploymentPostprocessing = 0;
		};
		B6CFE79424858E2B007D3B6F /* Frameworks */ = {
			isa = PBXFrameworksBuildPhase;
			buildActionMask = 2147483647;
			files = (
			);
			runOnlyForDeploymentPostprocessing = 0;
		};
/* End PBXFrameworksBuildPhase section */

/* Begin PBXGroup section */
		B60779112458381E00479C78 = {
			isa = PBXGroup;
			children = (
				B60C0A1324629441002BA6A0 /* C19X.xcdatamodeld */,
				B607791C2458381E00479C78 /* C19X */,
				B6CFE79824858E2B007D3B6F /* C19XTests */,
				B64DA1D72488F4D000ED589B /* Resources */,
				B607791B2458381E00479C78 /* Products */,
				B607793924583D5200479C78 /* Frameworks */,
			);
			sourceTree = "<group>";
		};
		B607791B2458381E00479C78 /* Products */ = {
			isa = PBXGroup;
			children = (
				B607791A2458381E00479C78 /* C19X.app */,
				B6CFE79724858E2B007D3B6F /* C19XTests.xctest */,
			);
			name = Products;
			sourceTree = "<group>";
		};
		B607791C2458381E00479C78 /* C19X */ = {
			isa = PBXGroup;
			children = (
				B6439C13247D298A004338A6 /* Logic */,
				B6BC9E32246D1E440017B281 /* Data */,
				B6B7D9492469831B009874F1 /* Beacon */,
				B607791D2458381E00479C78 /* AppDelegate.swift */,
				B6C1110E24881B5E00E00C74 /* C19X.entitlements */,
				B60779212458381E00479C78 /* ViewController.swift */,
				B60779232458381E00479C78 /* Main.storyboard */,
				B60779262458382700479C78 /* Assets.xcassets */,
				B60779282458382700479C78 /* LaunchScreen.storyboard */,
				B607792B2458382700479C78 /* Info.plist */,
			);
			path = C19X;
			sourceTree = "<group>";
		};
		B607793924583D5200479C78 /* Frameworks */ = {
			isa = PBXGroup;
			children = (
				B6ABDA1A24B8FDE600DF4E00 /* CryptoKit.framework */,
				B60C0A112462941D002BA6A0 /* CoreData.framework */,
				B607793A24583D5200479C78 /* CoreBluetooth.framework */,
			);
			name = Frameworks;
			sourceTree = "<group>";
		};
		B6439C13247D298A004338A6 /* Logic */ = {
			isa = PBXGroup;
			children = (
				B60779352458398700479C78 /* AES.swift */,
				B635CFE4247907F400873E20 /* Controller.swift */,
				B60779332458397F00479C78 /* Network.swift */,
				B60C5837247EB9C100665748 /* RiskAnalysis.swift */,
				B6ABDA0C24B299C600DF4E00 /* Notification.swift */,
			);
			path = Logic;
			sourceTree = "<group>";
		};
		B64DA1D72488F4D000ED589B /* Resources */ = {
			isa = PBXGroup;
			children = (
				B693ED8C24A78746009D50C7 /* tests */,
				B64DA1D82488F4E800ED589B /* images */,
			);
			path = Resources;
			sourceTree = "<group>";
		};
		B64DA1D82488F4E800ED589B /* images */ = {
			isa = PBXGroup;
			children = (
				B64DA1DE2488F5D200ED589B /* AppStore-iPad-12_9-01.png */,
				B64DA1DC2488F5D200ED589B /* AppStore-iPad-12_9-02.png */,
				B64DA1E12488F5D200ED589B /* AppStore-iPad-12_9-03.png */,
				B64DA1DF2488F5D200ED589B /* AppStore-iPhone-5_5-01.png */,
				B64DA1DD2488F5D200ED589B /* AppStore-iPhone-5_5-02.png */,
				B64DA1DB2488F5D200ED589B /* AppStore-iPhone-5_5-03.png */,
				B64DA1D92488F5D100ED589B /* AppStore-iPhone-6_5-01.png */,
				B64DA1E02488F5D200ED589B /* AppStore-iPhone-6_5-02.png */,
				B64DA1DA2488F5D100ED589B /* AppStore-iPhone-6_5-03.png */,
				B64DA1E22488F5D300ED589B /* Icon.pxd */,
			);
			path = images;
			sourceTree = "<group>";
		};
		B693ED8C24A78746009D50C7 /* tests */ = {
			isa = PBXGroup;
			children = (
				B69267DE24BDF32E00062778 /* Beacon test strategy - 20200714.pdf */,
				B693ED8D24A7877A009D50C7 /* BeaconTests.txt */,
				B693ED9124AA1F44009D50C7 /* TestProcedures.txt */,
			);
			path = tests;
			sourceTree = "<group>";
		};
		B6B7D9492469831B009874F1 /* Beacon */ = {
			isa = PBXGroup;
			children = (
				B6B7D94A24698334009874F1 /* DayCodes.swift */,
				B6B7D94C246983C3009874F1 /* BeaconCodes.swift */,
				B6B7D9522469A60E009874F1 /* Transmitter.swift */,
				B6BC9E2E246A99C00017B281 /* Receiver.swift */,
				B6BC9E30246D1C9C0017B281 /* BeaconUtilities.swift */,
				B60B5BC3247503B300EBEE47 /* Transceiver.swift */,
				B6ABDA0A24B2960C00DF4E00 /* LocationManager.swift */,
				B6ABDA1024B52BEF00DF4E00 /* BatteryManager.swift */,
				B6ABDA1624B7216B00DF4E00 /* SHA.swift */,
				B6ABDA1824B8BB8600DF4E00 /* MotionDetection.swift */,
			);
			path = Beacon;
			sourceTree = "<group>";
		};
		B6BC9E32246D1E440017B281 /* Data */ = {
			isa = PBXGroup;
			children = (
				B6BC9E33246D1E820017B281 /* Database.swift */,
				B6439C14247D2A16004338A6 /* Settings.swift */,
				B6439C16247D2F4F004338A6 /* SecuredStorage.swift */,
				B6439C18247D2F68004338A6 /* Keychain.swift */,
				B6439C1A247D2FD8004338A6 /* DataUtilities.swift */,
			);
			path = Data;
			sourceTree = "<group>";
		};
		B6CFE79824858E2B007D3B6F /* C19XTests */ = {
			isa = PBXGroup;
			children = (
				B6CF0EB9249B4C5600073F43 /* ControllerTest.swift */,
				B6CFE7A1248590D8007D3B6F /* DayCodesTest.swift */,
				B6CFE79B24858E2B007D3B6F /* Info.plist */,
			);
			path = C19XTests;
			sourceTree = "<group>";
		};
/* End PBXGroup section */

/* Begin PBXNativeTarget section */
		B60779192458381E00479C78 /* C19X */ = {
			isa = PBXNativeTarget;
			buildConfigurationList = B607792E2458382700479C78 /* Build configuration list for PBXNativeTarget "C19X" */;
			buildPhases = (
				B60779162458381E00479C78 /* Sources */,
				B60779172458381E00479C78 /* Frameworks */,
				B60779182458381E00479C78 /* Resources */,
			);
			buildRules = (
			);
			dependencies = (
			);
			name = C19X;
			packageProductDependencies = (
			);
			productName = C19X;
			productReference = B607791A2458381E00479C78 /* C19X.app */;
			productType = "com.apple.product-type.application";
		};
		B6CFE79624858E2B007D3B6F /* C19XTests */ = {
			isa = PBXNativeTarget;
			buildConfigurationList = B6CFE7A024858E2B007D3B6F /* Build configuration list for PBXNativeTarget "C19XTests" */;
			buildPhases = (
				B6CFE79324858E2B007D3B6F /* Sources */,
				B6CFE79424858E2B007D3B6F /* Frameworks */,
				B6CFE79524858E2B007D3B6F /* Resources */,
			);
			buildRules = (
			);
			dependencies = (
				B6CFE79D24858E2B007D3B6F /* PBXTargetDependency */,
			);
			name = C19XTests;
			productName = C19XTests;
			productReference = B6CFE79724858E2B007D3B6F /* C19XTests.xctest */;
			productType = "com.apple.product-type.bundle.unit-test";
		};
/* End PBXNativeTarget section */

/* Begin PBXProject section */
		B60779122458381E00479C78 /* Project object */ = {
			isa = PBXProject;
			attributes = {
				LastSwiftUpdateCheck = 1150;
				LastUpgradeCheck = 1140;
				ORGANIZATIONNAME = C19X;
				TargetAttributes = {
					B60779192458381E00479C78 = {
						CreatedOnToolsVersion = 11.4.1;
					};
					B6CFE79624858E2B007D3B6F = {
						CreatedOnToolsVersion = 11.5;
						LastSwiftMigration = 1150;
						TestTargetID = B60779192458381E00479C78;
					};
				};
			};
			buildConfigurationList = B60779152458381E00479C78 /* Build configuration list for PBXProject "C19X" */;
			compatibilityVersion = "Xcode 9.3";
			developmentRegion = en;
			hasScannedForEncodings = 0;
			knownRegions = (
				en,
				Base,
			);
			mainGroup = B60779112458381E00479C78;
			packageReferences = (
			);
			productRefGroup = B607791B2458381E00479C78 /* Products */;
			projectDirPath = "";
			projectRoot = "";
			targets = (
				B60779192458381E00479C78 /* C19X */,
				B6CFE79624858E2B007D3B6F /* C19XTests */,
			);
		};
/* End PBXProject section */

/* Begin PBXResourcesBuildPhase section */
		B60779182458381E00479C78 /* Resources */ = {
			isa = PBXResourcesBuildPhase;
			buildActionMask = 2147483647;
			files = (
				B693ED8E24A7877A009D50C7 /* BeaconTests.txt in Resources */,
				B607792A2458382700479C78 /* LaunchScreen.storyboard in Resources */,
				B60779272458382700479C78 /* Assets.xcassets in Resources */,
				B693ED9224AA1F44009D50C7 /* TestProcedures.txt in Resources */,
				B60779252458381E00479C78 /* Main.storyboard in Resources */,
				B69267DF24BDF32F00062778 /* Beacon test strategy - 20200714.pdf in Resources */,
			);
			runOnlyForDeploymentPostprocessing = 0;
		};
		B6CFE79524858E2B007D3B6F /* Resources */ = {
			isa = PBXResourcesBuildPhase;
			buildActionMask = 2147483647;
			files = (
			);
			runOnlyForDeploymentPostprocessing = 0;
		};
/* End PBXResourcesBuildPhase section */

/* Begin PBXSourcesBuildPhase section */
		B60779162458381E00479C78 /* Sources */ = {
			isa = PBXSourcesBuildPhase;
			buildActionMask = 2147483647;
			files = (
				B60C5838247EB9C100665748 /* RiskAnalysis.swift in Sources */,
				B6ABDA1924B8BB8600DF4E00 /* MotionDetection.swift in Sources */,
				B6B7D94B24698334009874F1 /* DayCodes.swift in Sources */,
				B6B7D94D246983C3009874F1 /* BeaconCodes.swift in Sources */,
				B6BC9E31246D1C9C0017B281 /* BeaconUtilities.swift in Sources */,
				B6BC9E34246D1E820017B281 /* Database.swift in Sources */,
				B6BC9E2F246A99C00017B281 /* Receiver.swift in Sources */,
				B6439C17247D2F4F004338A6 /* SecuredStorage.swift in Sources */,
				B6B7D9532469A60E009874F1 /* Transmitter.swift in Sources */,
				B6439C15247D2A16004338A6 /* Settings.swift in Sources */,
				B6439C1B247D2FD8004338A6 /* DataUtilities.swift in Sources */,
				B6439C19247D2F68004338A6 /* Keychain.swift in Sources */,
				B60779342458397F00479C78 /* Network.swift in Sources */,
				B6ABDA0B24B2960C00DF4E00 /* LocationManager.swift in Sources */,
				B60779362458398700479C78 /* AES.swift in Sources */,
				B60B5BC4247503B300EBEE47 /* Transceiver.swift in Sources */,
				B6ABDA1124B52BEF00DF4E00 /* BatteryManager.swift in Sources */,
				B635CFE5247907F400873E20 /* Controller.swift in Sources */,
				B60779222458381E00479C78 /* ViewController.swift in Sources */,
				B6ABDA1724B7216B00DF4E00 /* SHA.swift in Sources */,
				B6ABDA0D24B299C600DF4E00 /* Notification.swift in Sources */,
				B607791E2458381E00479C78 /* AppDelegate.swift in Sources */,
				B60C0A1524629441002BA6A0 /* C19X.xcdatamodeld in Sources */,
			);
			runOnlyForDeploymentPostprocessing = 0;
		};
		B6CFE79324858E2B007D3B6F /* Sources */ = {
			isa = PBXSourcesBuildPhase;
			buildActionMask = 2147483647;
			files = (
				B6CFE7A2248590D8007D3B6F /* DayCodesTest.swift in Sources */,
				B6CF0EBA249B4C5600073F43 /* ControllerTest.swift in Sources */,
			);
			runOnlyForDeploymentPostprocessing = 0;
		};
/* End PBXSourcesBuildPhase section */

/* Begin PBXTargetDependency section */
		B6CFE79D24858E2B007D3B6F /* PBXTargetDependency */ = {
			isa = PBXTargetDependency;
			target = B60779192458381E00479C78 /* C19X */;
			targetProxy = B6CFE79C24858E2B007D3B6F /* PBXContainerItemProxy */;
		};
/* End PBXTargetDependency section */

/* Begin PBXVariantGroup section */
		B60779232458381E00479C78 /* Main.storyboard */ = {
			isa = PBXVariantGroup;
			children = (
				B60779242458381E00479C78 /* Base */,
			);
			name = Main.storyboard;
			sourceTree = "<group>";
		};
		B60779282458382700479C78 /* LaunchScreen.storyboard */ = {
			isa = PBXVariantGroup;
			children = (
				B60779292458382700479C78 /* Base */,
			);
			name = LaunchScreen.storyboard;
			sourceTree = "<group>";
		};
/* End PBXVariantGroup section */

/* Begin XCBuildConfiguration section */
		B607792C2458382700479C78 /* Debug */ = {
			isa = XCBuildConfiguration;
			buildSettings = {
				ALWAYS_SEARCH_USER_PATHS = NO;
				CLANG_ANALYZER_NONNULL = YES;
				CLANG_ANALYZER_NUMBER_OBJECT_CONVERSION = YES_AGGRESSIVE;
				CLANG_CXX_LANGUAGE_STANDARD = "gnu++14";
				CLANG_CXX_LIBRARY = "libc++";
				CLANG_ENABLE_MODULES = YES;
				CLANG_ENABLE_OBJC_ARC = YES;
				CLANG_ENABLE_OBJC_WEAK = YES;
				CLANG_WARN_BLOCK_CAPTURE_AUTORELEASING = YES;
				CLANG_WARN_BOOL_CONVERSION = YES;
				CLANG_WARN_COMMA = YES;
				CLANG_WARN_CONSTANT_CONVERSION = YES;
				CLANG_WARN_DEPRECATED_OBJC_IMPLEMENTATIONS = YES;
				CLANG_WARN_DIRECT_OBJC_ISA_USAGE = YES_ERROR;
				CLANG_WARN_DOCUMENTATION_COMMENTS = YES;
				CLANG_WARN_EMPTY_BODY = YES;
				CLANG_WARN_ENUM_CONVERSION = YES;
				CLANG_WARN_INFINITE_RECURSION = YES;
				CLANG_WARN_INT_CONVERSION = YES;
				CLANG_WARN_NON_LITERAL_NULL_CONVERSION = YES;
				CLANG_WARN_OBJC_IMPLICIT_RETAIN_SELF = YES;
				CLANG_WARN_OBJC_LITERAL_CONVERSION = YES;
				CLANG_WARN_OBJC_ROOT_CLASS = YES_ERROR;
				CLANG_WARN_RANGE_LOOP_ANALYSIS = YES;
				CLANG_WARN_STRICT_PROTOTYPES = YES;
				CLANG_WARN_SUSPICIOUS_MOVE = YES;
				CLANG_WARN_UNGUARDED_AVAILABILITY = YES_AGGRESSIVE;
				CLANG_WARN_UNREACHABLE_CODE = YES;
				CLANG_WARN__DUPLICATE_METHOD_MATCH = YES;
				COPY_PHASE_STRIP = NO;
				DEBUG_INFORMATION_FORMAT = dwarf;
				ENABLE_STRICT_OBJC_MSGSEND = YES;
				ENABLE_TESTABILITY = YES;
				GCC_C_LANGUAGE_STANDARD = gnu11;
				GCC_DYNAMIC_NO_PIC = NO;
				GCC_NO_COMMON_BLOCKS = YES;
				GCC_OPTIMIZATION_LEVEL = 0;
				GCC_PREPROCESSOR_DEFINITIONS = (
					"DEBUG=1",
					"$(inherited)",
				);
				GCC_WARN_64_TO_32_BIT_CONVERSION = YES;
				GCC_WARN_ABOUT_RETURN_TYPE = YES_ERROR;
				GCC_WARN_UNDECLARED_SELECTOR = YES;
				GCC_WARN_UNINITIALIZED_AUTOS = YES_AGGRESSIVE;
				GCC_WARN_UNUSED_FUNCTION = YES;
				GCC_WARN_UNUSED_VARIABLE = YES;
				IPHONEOS_DEPLOYMENT_TARGET = 13.0;
				MTL_ENABLE_DEBUG_INFO = INCLUDE_SOURCE;
				MTL_FAST_MATH = YES;
				ONLY_ACTIVE_ARCH = YES;
				SDKROOT = iphoneos;
				SWIFT_ACTIVE_COMPILATION_CONDITIONS = DEBUG;
				SWIFT_OPTIMIZATION_LEVEL = "-Onone";
			};
			name = Debug;
		};
		B607792D2458382700479C78 /* Release */ = {
			isa = XCBuildConfiguration;
			buildSettings = {
				ALWAYS_SEARCH_USER_PATHS = NO;
				CLANG_ANALYZER_NONNULL = YES;
				CLANG_ANALYZER_NUMBER_OBJECT_CONVERSION = YES_AGGRESSIVE;
				CLANG_CXX_LANGUAGE_STANDARD = "gnu++14";
				CLANG_CXX_LIBRARY = "libc++";
				CLANG_ENABLE_MODULES = YES;
				CLANG_ENABLE_OBJC_ARC = YES;
				CLANG_ENABLE_OBJC_WEAK = YES;
				CLANG_WARN_BLOCK_CAPTURE_AUTORELEASING = YES;
				CLANG_WARN_BOOL_CONVERSION = YES;
				CLANG_WARN_COMMA = YES;
				CLANG_WARN_CONSTANT_CONVERSION = YES;
				CLANG_WARN_DEPRECATED_OBJC_IMPLEMENTATIONS = YES;
				CLANG_WARN_DIRECT_OBJC_ISA_USAGE = YES_ERROR;
				CLANG_WARN_DOCUMENTATION_COMMENTS = YES;
				CLANG_WARN_EMPTY_BODY = YES;
				CLANG_WARN_ENUM_CONVERSION = YES;
				CLANG_WARN_INFINITE_RECURSION = YES;
				CLANG_WARN_INT_CONVERSION = YES;
				CLANG_WARN_NON_LITERAL_NULL_CONVERSION = YES;
				CLANG_WARN_OBJC_IMPLICIT_RETAIN_SELF = YES;
				CLANG_WARN_OBJC_LITERAL_CONVERSION = YES;
				CLANG_WARN_OBJC_ROOT_CLASS = YES_ERROR;
				CLANG_WARN_RANGE_LOOP_ANALYSIS = YES;
				CLANG_WARN_STRICT_PROTOTYPES = YES;
				CLANG_WARN_SUSPICIOUS_MOVE = YES;
				CLANG_WARN_UNGUARDED_AVAILABILITY = YES_AGGRESSIVE;
				CLANG_WARN_UNREACHABLE_CODE = YES;
				CLANG_WARN__DUPLICATE_METHOD_MATCH = YES;
				COPY_PHASE_STRIP = NO;
				DEBUG_INFORMATION_FORMAT = "dwarf-with-dsym";
				ENABLE_NS_ASSERTIONS = NO;
				ENABLE_STRICT_OBJC_MSGSEND = YES;
				GCC_C_LANGUAGE_STANDARD = gnu11;
				GCC_NO_COMMON_BLOCKS = YES;
				GCC_WARN_64_TO_32_BIT_CONVERSION = YES;
				GCC_WARN_ABOUT_RETURN_TYPE = YES_ERROR;
				GCC_WARN_UNDECLARED_SELECTOR = YES;
				GCC_WARN_UNINITIALIZED_AUTOS = YES_AGGRESSIVE;
				GCC_WARN_UNUSED_FUNCTION = YES;
				GCC_WARN_UNUSED_VARIABLE = YES;
				IPHONEOS_DEPLOYMENT_TARGET = 13.0;
				MTL_ENABLE_DEBUG_INFO = NO;
				MTL_FAST_MATH = YES;
				SDKROOT = iphoneos;
				SWIFT_COMPILATION_MODE = wholemodule;
				SWIFT_OPTIMIZATION_LEVEL = "-O";
				VALIDATE_PRODUCT = YES;
			};
			name = Release;
		};
		B607792F2458382700479C78 /* Debug */ = {
			isa = XCBuildConfiguration;
			buildSettings = {
				ASSETCATALOG_COMPILER_APPICON_NAME = AppIcon;
				CODE_SIGN_ENTITLEMENTS = C19X/C19X.entitlements;
				CODE_SIGN_STYLE = Automatic;
				CURRENT_PROJECT_VERSION = 5;
				DEVELOPMENT_TEAM = AU9ZDUDBTM;
				INFOPLIST_FILE = C19X/Info.plist;
				IPHONEOS_DEPLOYMENT_TARGET = 10.0;
				LD_RUNPATH_SEARCH_PATHS = (
					"$(inherited)",
					"@executable_path/Frameworks",
				);
				PRODUCT_BUNDLE_IDENTIFIER = com.proxy.c19x.C19X;
				PRODUCT_NAME = "$(TARGET_NAME)";
				SWIFT_VERSION = 5.0;
				TARGETED_DEVICE_FAMILY = "1,2";
			};
			name = Debug;
		};
		B60779302458382700479C78 /* Release */ = {
			isa = XCBuildConfiguration;
			buildSettings = {
				ASSETCATALOG_COMPILER_APPICON_NAME = AppIcon;
				CODE_SIGN_ENTITLEMENTS = C19X/C19X.entitlements;
				CODE_SIGN_STYLE = Automatic;
				CURRENT_PROJECT_VERSION = 5;
				DEVELOPMENT_TEAM = AU9ZDUDBTM;
				INFOPLIST_FILE = C19X/Info.plist;
				IPHONEOS_DEPLOYMENT_TARGET = 10.0;
				LD_RUNPATH_SEARCH_PATHS = (
					"$(inherited)",
					"@executable_path/Frameworks",
				);
				PRODUCT_BUNDLE_IDENTIFIER = com.proxy.c19x.C19X;
				PRODUCT_NAME = "$(TARGET_NAME)";
				SWIFT_VERSION = 5.0;
				TARGETED_DEVICE_FAMILY = "1,2";
			};
			name = Release;
		};
		B6CFE79E24858E2B007D3B6F /* Debug */ = {
			isa = XCBuildConfiguration;
			buildSettings = {
				BUNDLE_LOADER = "$(TEST_HOST)";
				CLANG_ENABLE_MODULES = YES;
				CODE_SIGN_STYLE = Automatic;
				DEVELOPMENT_TEAM = 5NRR4P5W72;
				INFOPLIST_FILE = C19XTests/Info.plist;
				IPHONEOS_DEPLOYMENT_TARGET = 13.0;
				LD_RUNPATH_SEARCH_PATHS = (
					"$(inherited)",
					"@executable_path/Frameworks",
					"@loader_path/Frameworks",
				);
				PRODUCT_BUNDLE_IDENTIFIER = org.c19x.C19XTests;
				PRODUCT_NAME = "$(TARGET_NAME)";
				SWIFT_OPTIMIZATION_LEVEL = "-Onone";
				SWIFT_VERSION = 5.0;
				TARGETED_DEVICE_FAMILY = "1,2";
				TEST_HOST = "$(BUILT_PRODUCTS_DIR)/C19X.app/C19X";
			};
			name = Debug;
		};
		B6CFE79F24858E2B007D3B6F /* Release */ = {
			isa = XCBuildConfiguration;
			buildSettings = {
				BUNDLE_LOADER = "$(TEST_HOST)";
				CLANG_ENABLE_MODULES = YES;
				CODE_SIGN_STYLE = Automatic;
				DEVELOPMENT_TEAM = 5NRR4P5W72;
				INFOPLIST_FILE = C19XTests/Info.plist;
				IPHONEOS_DEPLOYMENT_TARGET = 13.0;
				LD_RUNPATH_SEARCH_PATHS = (
					"$(inherited)",
					"@executable_path/Frameworks",
					"@loader_path/Frameworks",
				);
				PRODUCT_BUNDLE_IDENTIFIER = org.c19x.C19XTests;
				PRODUCT_NAME = "$(TARGET_NAME)";
				SWIFT_VERSION = 5.0;
				TARGETED_DEVICE_FAMILY = "1,2";
				TEST_HOST = "$(BUILT_PRODUCTS_DIR)/C19X.app/C19X";
			};
			name = Release;
		};
/* End XCBuildConfiguration section */

/* Begin XCConfigurationList section */
		B60779152458381E00479C78 /* Build configuration list for PBXProject "C19X" */ = {
			isa = XCConfigurationList;
			buildConfigurations = (
				B607792C2458382700479C78 /* Debug */,
				B607792D2458382700479C78 /* Release */,
			);
			defaultConfigurationIsVisible = 0;
			defaultConfigurationName = Release;
		};
		B607792E2458382700479C78 /* Build configuration list for PBXNativeTarget "C19X" */ = {
			isa = XCConfigurationList;
			buildConfigurations = (
				B607792F2458382700479C78 /* Debug */,
				B60779302458382700479C78 /* Release */,
			);
			defaultConfigurationIsVisible = 0;
			defaultConfigurationName = Release;
		};
		B6CFE7A024858E2B007D3B6F /* Build configuration list for PBXNativeTarget "C19XTests" */ = {
			isa = XCConfigurationList;
			buildConfigurations = (
				B6CFE79E24858E2B007D3B6F /* Debug */,
				B6CFE79F24858E2B007D3B6F /* Release */,
			);
			defaultConfigurationIsVisible = 0;
			defaultConfigurationName = Release;
		};
/* End XCConfigurationList section */

/* Begin XCVersionGroup section */
		B60C0A1324629441002BA6A0 /* C19X.xcdatamodeld */ = {
			isa = XCVersionGroup;
			children = (
				B60C0A1424629441002BA6A0 /* C19X.xcdatamodel */,
			);
			currentVersion = B60C0A1424629441002BA6A0 /* C19X.xcdatamodel */;
			name = C19X.xcdatamodeld;
			path = C19X/C19X.xcdatamodeld;
			sourceTree = "<group>";
			versionGroupType = wrapper.xcdatamodel;
		};
/* End XCVersionGroup section */
	};
	rootObject = B60779122458381E00479C78 /* Project object */;
}
