// !$*UTF8*$!
{
	archiveVersion = 1;
	classes = {
	};
	objectVersion = 52;
	objects = {

/* Begin PBXBuildFile section */
		B607791E2458381E00479C78 /* AppDelegate.swift in Sources */ = {isa = PBXBuildFile; fileRef = B607791D2458381E00479C78 /* AppDelegate.swift */; };
		B60779202458381E00479C78 /* SceneDelegate.swift in Sources */ = {isa = PBXBuildFile; fileRef = B607791F2458381E00479C78 /* SceneDelegate.swift */; };
		B60779222458381E00479C78 /* ViewController.swift in Sources */ = {isa = PBXBuildFile; fileRef = B60779212458381E00479C78 /* ViewController.swift */; };
		B60779252458381E00479C78 /* Main.storyboard in Resources */ = {isa = PBXBuildFile; fileRef = B60779232458381E00479C78 /* Main.storyboard */; };
		B60779272458382700479C78 /* Assets.xcassets in Resources */ = {isa = PBXBuildFile; fileRef = B60779262458382700479C78 /* Assets.xcassets */; };
		B607792A2458382700479C78 /* LaunchScreen.storyboard in Resources */ = {isa = PBXBuildFile; fileRef = B60779282458382700479C78 /* LaunchScreen.storyboard */; };
		B60779322458397100479C78 /* Beacon.swift in Sources */ = {isa = PBXBuildFile; fileRef = B60779312458397100479C78 /* Beacon.swift */; };
		B60779342458397F00479C78 /* Network.swift in Sources */ = {isa = PBXBuildFile; fileRef = B60779332458397F00479C78 /* Network.swift */; };
		B60779362458398700479C78 /* Security.swift in Sources */ = {isa = PBXBuildFile; fileRef = B60779352458398700479C78 /* Security.swift */; };
		B60779382458399000479C78 /* Utility.swift in Sources */ = {isa = PBXBuildFile; fileRef = B60779372458399000479C78 /* Utility.swift */; };
		B607793C24583D5B00479C78 /* CoreBluetooth.framework in Frameworks */ = {isa = PBXBuildFile; fileRef = B607793A24583D5200479C78 /* CoreBluetooth.framework */; };
		B607794124584A2100479C78 /* Device.swift in Sources */ = {isa = PBXBuildFile; fileRef = B607794024584A2100479C78 /* Device.swift */; };
		B6077946245986DD00479C78 /* BigInt in Frameworks */ = {isa = PBXBuildFile; productRef = B6077945245986DD00479C78 /* BigInt */; };
		B60C0A122462941D002BA6A0 /* CoreData.framework in Frameworks */ = {isa = PBXBuildFile; fileRef = B60C0A112462941D002BA6A0 /* CoreData.framework */; };
		B60C0A1524629441002BA6A0 /* C19X.xcdatamodeld in Sources */ = {isa = PBXBuildFile; fileRef = B60C0A1324629441002BA6A0 /* C19X.xcdatamodeld */; };
		B6B7D94B24698334009874F1 /* DayCodes.swift in Sources */ = {isa = PBXBuildFile; fileRef = B6B7D94A24698334009874F1 /* DayCodes.swift */; };
		B6B7D94D246983C3009874F1 /* BeaconCodes.swift in Sources */ = {isa = PBXBuildFile; fileRef = B6B7D94C246983C3009874F1 /* BeaconCodes.swift */; };
		B6B7D9532469A60E009874F1 /* Transmitter.swift in Sources */ = {isa = PBXBuildFile; fileRef = B6B7D9522469A60E009874F1 /* Transmitter.swift */; };
		B6BC9E2F246A99C00017B281 /* Receiver.swift in Sources */ = {isa = PBXBuildFile; fileRef = B6BC9E2E246A99C00017B281 /* Receiver.swift */; };
		B6BC9E31246D1C9C0017B281 /* Utilities.swift in Sources */ = {isa = PBXBuildFile; fileRef = B6BC9E30246D1C9C0017B281 /* Utilities.swift */; };
		B6BC9E34246D1E820017B281 /* Database.swift in Sources */ = {isa = PBXBuildFile; fileRef = B6BC9E33246D1E820017B281 /* Database.swift */; };
/* End PBXBuildFile section */

/* Begin PBXFileReference section */
		B607791A2458381E00479C78 /* C19X.app */ = {isa = PBXFileReference; explicitFileType = wrapper.application; includeInIndex = 0; path = C19X.app; sourceTree = BUILT_PRODUCTS_DIR; };
		B607791D2458381E00479C78 /* AppDelegate.swift */ = {isa = PBXFileReference; lastKnownFileType = sourcecode.swift; path = AppDelegate.swift; sourceTree = "<group>"; };
		B607791F2458381E00479C78 /* SceneDelegate.swift */ = {isa = PBXFileReference; lastKnownFileType = sourcecode.swift; path = SceneDelegate.swift; sourceTree = "<group>"; };
		B60779212458381E00479C78 /* ViewController.swift */ = {isa = PBXFileReference; lastKnownFileType = sourcecode.swift; path = ViewController.swift; sourceTree = "<group>"; };
		B60779242458381E00479C78 /* Base */ = {isa = PBXFileReference; lastKnownFileType = file.storyboard; name = Base; path = Base.lproj/Main.storyboard; sourceTree = "<group>"; };
		B60779262458382700479C78 /* Assets.xcassets */ = {isa = PBXFileReference; lastKnownFileType = folder.assetcatalog; path = Assets.xcassets; sourceTree = "<group>"; };
		B60779292458382700479C78 /* Base */ = {isa = PBXFileReference; lastKnownFileType = file.storyboard; name = Base; path = Base.lproj/LaunchScreen.storyboard; sourceTree = "<group>"; };
		B607792B2458382700479C78 /* Info.plist */ = {isa = PBXFileReference; lastKnownFileType = text.plist.xml; path = Info.plist; sourceTree = "<group>"; };
		B60779312458397100479C78 /* Beacon.swift */ = {isa = PBXFileReference; lastKnownFileType = sourcecode.swift; path = Beacon.swift; sourceTree = "<group>"; };
		B60779332458397F00479C78 /* Network.swift */ = {isa = PBXFileReference; lastKnownFileType = sourcecode.swift; path = Network.swift; sourceTree = "<group>"; };
		B60779352458398700479C78 /* Security.swift */ = {isa = PBXFileReference; lastKnownFileType = sourcecode.swift; path = Security.swift; sourceTree = "<group>"; };
		B60779372458399000479C78 /* Utility.swift */ = {isa = PBXFileReference; lastKnownFileType = sourcecode.swift; path = Utility.swift; sourceTree = "<group>"; };
		B607793A24583D5200479C78 /* CoreBluetooth.framework */ = {isa = PBXFileReference; lastKnownFileType = wrapper.framework; name = CoreBluetooth.framework; path = System/Library/Frameworks/CoreBluetooth.framework; sourceTree = SDKROOT; };
		B607793F24583D7700479C78 /* C19X.entitlements */ = {isa = PBXFileReference; lastKnownFileType = text.plist.entitlements; path = C19X.entitlements; sourceTree = "<group>"; };
		B607794024584A2100479C78 /* Device.swift */ = {isa = PBXFileReference; lastKnownFileType = sourcecode.swift; path = Device.swift; sourceTree = "<group>"; };
		B60C0A112462941D002BA6A0 /* CoreData.framework */ = {isa = PBXFileReference; lastKnownFileType = wrapper.framework; name = CoreData.framework; path = System/Library/Frameworks/CoreData.framework; sourceTree = SDKROOT; };
		B60C0A1424629441002BA6A0 /* C19X.xcdatamodel */ = {isa = PBXFileReference; lastKnownFileType = wrapper.xcdatamodel; path = C19X.xcdatamodel; sourceTree = "<group>"; };
		B6B7D94A24698334009874F1 /* DayCodes.swift */ = {isa = PBXFileReference; lastKnownFileType = sourcecode.swift; path = DayCodes.swift; sourceTree = "<group>"; };
		B6B7D94C246983C3009874F1 /* BeaconCodes.swift */ = {isa = PBXFileReference; lastKnownFileType = sourcecode.swift; path = BeaconCodes.swift; sourceTree = "<group>"; };
		B6B7D9522469A60E009874F1 /* Transmitter.swift */ = {isa = PBXFileReference; lastKnownFileType = sourcecode.swift; path = Transmitter.swift; sourceTree = "<group>"; };
		B6BC9E2E246A99C00017B281 /* Receiver.swift */ = {isa = PBXFileReference; lastKnownFileType = sourcecode.swift; path = Receiver.swift; sourceTree = "<group>"; };
		B6BC9E30246D1C9C0017B281 /* Utilities.swift */ = {isa = PBXFileReference; lastKnownFileType = sourcecode.swift; path = Utilities.swift; sourceTree = "<group>"; };
		B6BC9E33246D1E820017B281 /* Database.swift */ = {isa = PBXFileReference; lastKnownFileType = sourcecode.swift; path = Database.swift; sourceTree = "<group>"; };
/* End PBXFileReference section */

/* Begin PBXFrameworksBuildPhase section */
		B60779172458381E00479C78 /* Frameworks */ = {
			isa = PBXFrameworksBuildPhase;
			buildActionMask = 2147483647;
			files = (
				B607793C24583D5B00479C78 /* CoreBluetooth.framework in Frameworks */,
				B60C0A122462941D002BA6A0 /* CoreData.framework in Frameworks */,
				B6077946245986DD00479C78 /* BigInt in Frameworks */,
			);
			runOnlyForDeploymentPostprocessing = 0;
		};
/* End PBXFrameworksBuildPhase section */

/* Begin PBXGroup section */
		B60779112458381E00479C78 = {
			isa = PBXGroup;
			children = (
				B60C0A1324629441002BA6A0 /* C19X.xcdatamodeld */,
				B607791C2458381E00479C78 /* C19X */,
				B607791B2458381E00479C78 /* Products */,
				B607793924583D5200479C78 /* Frameworks */,
			);
			sourceTree = "<group>";
		};
		B607791B2458381E00479C78 /* Products */ = {
			isa = PBXGroup;
			children = (
				B607791A2458381E00479C78 /* C19X.app */,
			);
			name = Products;
			sourceTree = "<group>";
		};
		B607791C2458381E00479C78 /* C19X */ = {
			isa = PBXGroup;
			children = (
				B6BC9E32246D1E440017B281 /* Data */,
				B6B7D9492469831B009874F1 /* Beacon */,
				B607793F24583D7700479C78 /* C19X.entitlements */,
				B607791D2458381E00479C78 /* AppDelegate.swift */,
				B607791F2458381E00479C78 /* SceneDelegate.swift */,
				B60779212458381E00479C78 /* ViewController.swift */,
				B60779232458381E00479C78 /* Main.storyboard */,
				B60779262458382700479C78 /* Assets.xcassets */,
				B60779282458382700479C78 /* LaunchScreen.storyboard */,
				B607792B2458382700479C78 /* Info.plist */,
				B60779312458397100479C78 /* Beacon.swift */,
				B60779332458397F00479C78 /* Network.swift */,
				B60779352458398700479C78 /* Security.swift */,
				B60779372458399000479C78 /* Utility.swift */,
				B607794024584A2100479C78 /* Device.swift */,
			);
			path = C19X;
			sourceTree = "<group>";
		};
		B607793924583D5200479C78 /* Frameworks */ = {
			isa = PBXGroup;
			children = (
				B60C0A112462941D002BA6A0 /* CoreData.framework */,
				B607793A24583D5200479C78 /* CoreBluetooth.framework */,
			);
			name = Frameworks;
			sourceTree = "<group>";
		};
		B6B7D9492469831B009874F1 /* Beacon */ = {
			isa = PBXGroup;
			children = (
				B6B7D94A24698334009874F1 /* DayCodes.swift */,
				B6B7D94C246983C3009874F1 /* BeaconCodes.swift */,
				B6B7D9522469A60E009874F1 /* Transmitter.swift */,
				B6BC9E2E246A99C00017B281 /* Receiver.swift */,
				B6BC9E30246D1C9C0017B281 /* Utilities.swift */,
			);
			path = Beacon;
			sourceTree = "<group>";
		};
		B6BC9E32246D1E440017B281 /* Data */ = {
			isa = PBXGroup;
			children = (
				B6BC9E33246D1E820017B281 /* Database.swift */,
			);
			path = Data;
			sourceTree = "<group>";
		};
/* End PBXGroup section */

/* Begin PBXNativeTarget section */
		B60779192458381E00479C78 /* C19X */ = {
			isa = PBXNativeTarget;
			buildConfigurationList = B607792E2458382700479C78 /* Build configuration list for PBXNativeTarget "C19X" */;
			buildPhases = (
				B60779162458381E00479C78 /* Sources */,
				B60779172458381E00479C78 /* Frameworks */,
				B60779182458381E00479C78 /* Resources */,
			);
			buildRules = (
			);
			dependencies = (
			);
			name = C19X;
			packageProductDependencies = (
				B6077945245986DD00479C78 /* BigInt */,
			);
			productName = C19X;
			productReference = B607791A2458381E00479C78 /* C19X.app */;
			productType = "com.apple.product-type.application";
		};
/* End PBXNativeTarget section */

/* Begin PBXProject section */
		B60779122458381E00479C78 /* Project object */ = {
			isa = PBXProject;
			attributes = {
				LastSwiftUpdateCheck = 1140;
				LastUpgradeCheck = 1140;
				ORGANIZATIONNAME = C19X;
				TargetAttributes = {
					B60779192458381E00479C78 = {
						CreatedOnToolsVersion = 11.4.1;
					};
				};
			};
			buildConfigurationList = B60779152458381E00479C78 /* Build configuration list for PBXProject "C19X" */;
			compatibilityVersion = "Xcode 9.3";
			developmentRegion = en;
			hasScannedForEncodings = 0;
			knownRegions = (
				en,
				Base,
			);
			mainGroup = B60779112458381E00479C78;
			packageReferences = (
				B6077944245986DD00479C78 /* XCRemoteSwiftPackageReference "BigInt" */,
			);
			productRefGroup = B607791B2458381E00479C78 /* Products */;
			projectDirPath = "";
			projectRoot = "";
			targets = (
				B60779192458381E00479C78 /* C19X */,
			);
		};
/* End PBXProject section */

/* Begin PBXResourcesBuildPhase section */
		B60779182458381E00479C78 /* Resources */ = {
			isa = PBXResourcesBuildPhase;
			buildActionMask = 2147483647;
			files = (
				B607792A2458382700479C78 /* LaunchScreen.storyboard in Resources */,
				B60779272458382700479C78 /* Assets.xcassets in Resources */,
				B60779252458381E00479C78 /* Main.storyboard in Resources */,
			);
			runOnlyForDeploymentPostprocessing = 0;
		};
/* End PBXResourcesBuildPhase section */

/* Begin PBXSourcesBuildPhase section */
		B60779162458381E00479C78 /* Sources */ = {
			isa = PBXSourcesBuildPhase;
			buildActionMask = 2147483647;
			files = (
				B6B7D94B24698334009874F1 /* DayCodes.swift in Sources */,
				B6B7D94D246983C3009874F1 /* BeaconCodes.swift in Sources */,
				B6BC9E31246D1C9C0017B281 /* Utilities.swift in Sources */,
				B6BC9E34246D1E820017B281 /* Database.swift in Sources */,
				B6BC9E2F246A99C00017B281 /* Receiver.swift in Sources */,
				B6B7D9532469A60E009874F1 /* Transmitter.swift in Sources */,
				B60779382458399000479C78 /* Utility.swift in Sources */,
				B60779322458397100479C78 /* Beacon.swift in Sources */,
				B60779342458397F00479C78 /* Network.swift in Sources */,
				B60779362458398700479C78 /* Security.swift in Sources */,
				B607794124584A2100479C78 /* Device.swift in Sources */,
				B60779222458381E00479C78 /* ViewController.swift in Sources */,
				B607791E2458381E00479C78 /* AppDelegate.swift in Sources */,
				B60779202458381E00479C78 /* SceneDelegate.swift in Sources */,
				B60C0A1524629441002BA6A0 /* C19X.xcdatamodeld in Sources */,
			);
			runOnlyForDeploymentPostprocessing = 0;
		};
/* End PBXSourcesBuildPhase section */

/* Begin PBXVariantGroup section */
		B60779232458381E00479C78 /* Main.storyboard */ = {
			isa = PBXVariantGroup;
			children = (
				B60779242458381E00479C78 /* Base */,
			);
			name = Main.storyboard;
			sourceTree = "<group>";
		};
		B60779282458382700479C78 /* LaunchScreen.storyboard */ = {
			isa = PBXVariantGroup;
			children = (
				B60779292458382700479C78 /* Base */,
			);
			name = LaunchScreen.storyboard;
			sourceTree = "<group>";
		};
/* End PBXVariantGroup section */

/* Begin XCBuildConfiguration section */
		B607792C2458382700479C78 /* Debug */ = {
			isa = XCBuildConfiguration;
			buildSettings = {
				ALWAYS_SEARCH_USER_PATHS = NO;
				CLANG_ANALYZER_NONNULL = YES;
				CLANG_ANALYZER_NUMBER_OBJECT_CONVERSION = YES_AGGRESSIVE;
				CLANG_CXX_LANGUAGE_STANDARD = "gnu++14";
				CLANG_CXX_LIBRARY = "libc++";
				CLANG_ENABLE_MODULES = YES;
				CLANG_ENABLE_OBJC_ARC = YES;
				CLANG_ENABLE_OBJC_WEAK = YES;
				CLANG_WARN_BLOCK_CAPTURE_AUTORELEASING = YES;
				CLANG_WARN_BOOL_CONVERSION = YES;
				CLANG_WARN_COMMA = YES;
				CLANG_WARN_CONSTANT_CONVERSION = YES;
				CLANG_WARN_DEPRECATED_OBJC_IMPLEMENTATIONS = YES;
				CLANG_WARN_DIRECT_OBJC_ISA_USAGE = YES_ERROR;
				CLANG_WARN_DOCUMENTATION_COMMENTS = YES;
				CLANG_WARN_EMPTY_BODY = YES;
				CLANG_WARN_ENUM_CONVERSION = YES;
				CLANG_WARN_INFINITE_RECURSION = YES;
				CLANG_WARN_INT_CONVERSION = YES;
				CLANG_WARN_NON_LITERAL_NULL_CONVERSION = YES;
				CLANG_WARN_OBJC_IMPLICIT_RETAIN_SELF = YES;
				CLANG_WARN_OBJC_LITERAL_CONVERSION = YES;
				CLANG_WARN_OBJC_ROOT_CLASS = YES_ERROR;
				CLANG_WARN_RANGE_LOOP_ANALYSIS = YES;
				CLANG_WARN_STRICT_PROTOTYPES = YES;
				CLANG_WARN_SUSPICIOUS_MOVE = YES;
				CLANG_WARN_UNGUARDED_AVAILABILITY = YES_AGGRESSIVE;
				CLANG_WARN_UNREACHABLE_CODE = YES;
				CLANG_WARN__DUPLICATE_METHOD_MATCH = YES;
				COPY_PHASE_STRIP = NO;
				DEBUG_INFORMATION_FORMAT = dwarf;
				ENABLE_STRICT_OBJC_MSGSEND = YES;
				ENABLE_TESTABILITY = YES;
				GCC_C_LANGUAGE_STANDARD = gnu11;
				GCC_DYNAMIC_NO_PIC = NO;
				GCC_NO_COMMON_BLOCKS = YES;
				GCC_OPTIMIZATION_LEVEL = 0;
				GCC_PREPROCESSOR_DEFINITIONS = (
					"DEBUG=1",
					"$(inherited)",
				);
				GCC_WARN_64_TO_32_BIT_CONVERSION = YES;
				GCC_WARN_ABOUT_RETURN_TYPE = YES_ERROR;
				GCC_WARN_UNDECLARED_SELECTOR = YES;
				GCC_WARN_UNINITIALIZED_AUTOS = YES_AGGRESSIVE;
				GCC_WARN_UNUSED_FUNCTION = YES;
				GCC_WARN_UNUSED_VARIABLE = YES;
				IPHONEOS_DEPLOYMENT_TARGET = 13.0;
				MTL_ENABLE_DEBUG_INFO = INCLUDE_SOURCE;
				MTL_FAST_MATH = YES;
				ONLY_ACTIVE_ARCH = YES;
				SDKROOT = iphoneos;
				SWIFT_ACTIVE_COMPILATION_CONDITIONS = DEBUG;
				SWIFT_OPTIMIZATION_LEVEL = "-Onone";
			};
			name = Debug;
		};
		B607792D2458382700479C78 /* Release */ = {
			isa = XCBuildConfiguration;
			buildSettings = {
				ALWAYS_SEARCH_USER_PATHS = NO;
				CLANG_ANALYZER_NONNULL = YES;
				CLANG_ANALYZER_NUMBER_OBJECT_CONVERSION = YES_AGGRESSIVE;
				CLANG_CXX_LANGUAGE_STANDARD = "gnu++14";
				CLANG_CXX_LIBRARY = "libc++";
				CLANG_ENABLE_MODULES = YES;
				CLANG_ENABLE_OBJC_ARC = YES;
				CLANG_ENABLE_OBJC_WEAK = YES;
				CLANG_WARN_BLOCK_CAPTURE_AUTORELEASING = YES;
				CLANG_WARN_BOOL_CONVERSION = YES;
				CLANG_WARN_COMMA = YES;
				CLANG_WARN_CONSTANT_CONVERSION = YES;
				CLANG_WARN_DEPRECATED_OBJC_IMPLEMENTATIONS = YES;
				CLANG_WARN_DIRECT_OBJC_ISA_USAGE = YES_ERROR;
				CLANG_WARN_DOCUMENTATION_COMMENTS = YES;
				CLANG_WARN_EMPTY_BODY = YES;
				CLANG_WARN_ENUM_CONVERSION = YES;
				CLANG_WARN_INFINITE_RECURSION = YES;
				CLANG_WARN_INT_CONVERSION = YES;
				CLANG_WARN_NON_LITERAL_NULL_CONVERSION = YES;
				CLANG_WARN_OBJC_IMPLICIT_RETAIN_SELF = YES;
				CLANG_WARN_OBJC_LITERAL_CONVERSION = YES;
				CLANG_WARN_OBJC_ROOT_CLASS = YES_ERROR;
				CLANG_WARN_RANGE_LOOP_ANALYSIS = YES;
				CLANG_WARN_STRICT_PROTOTYPES = YES;
				CLANG_WARN_SUSPICIOUS_MOVE = YES;
				CLANG_WARN_UNGUARDED_AVAILABILITY = YES_AGGRESSIVE;
				CLANG_WARN_UNREACHABLE_CODE = YES;
				CLANG_WARN__DUPLICATE_METHOD_MATCH = YES;
				COPY_PHASE_STRIP = NO;
				DEBUG_INFORMATION_FORMAT = "dwarf-with-dsym";
				ENABLE_NS_ASSERTIONS = NO;
				ENABLE_STRICT_OBJC_MSGSEND = YES;
				GCC_C_LANGUAGE_STANDARD = gnu11;
				GCC_NO_COMMON_BLOCKS = YES;
				GCC_WARN_64_TO_32_BIT_CONVERSION = YES;
				GCC_WARN_ABOUT_RETURN_TYPE = YES_ERROR;
				GCC_WARN_UNDECLARED_SELECTOR = YES;
				GCC_WARN_UNINITIALIZED_AUTOS = YES_AGGRESSIVE;
				GCC_WARN_UNUSED_FUNCTION = YES;
				GCC_WARN_UNUSED_VARIABLE = YES;
				IPHONEOS_DEPLOYMENT_TARGET = 13.0;
				MTL_ENABLE_DEBUG_INFO = NO;
				MTL_FAST_MATH = YES;
				SDKROOT = iphoneos;
				SWIFT_COMPILATION_MODE = wholemodule;
				SWIFT_OPTIMIZATION_LEVEL = "-O";
				VALIDATE_PRODUCT = YES;
			};
			name = Release;
		};
		B607792F2458382700479C78 /* Debug */ = {
			isa = XCBuildConfiguration;
			buildSettings = {
				ASSETCATALOG_COMPILER_APPICON_NAME = AppIcon;
				CODE_SIGN_ENTITLEMENTS = C19X/C19X.entitlements;
				CODE_SIGN_STYLE = Automatic;
				DEVELOPMENT_TEAM = 5NRR4P5W72;
				INFOPLIST_FILE = C19X/Info.plist;
				LD_RUNPATH_SEARCH_PATHS = (
					"$(inherited)",
					"@executable_path/Frameworks",
				);
				PRODUCT_BUNDLE_IDENTIFIER = org.c19x.C19X;
				PRODUCT_NAME = "$(TARGET_NAME)";
				SWIFT_VERSION = 5.0;
				TARGETED_DEVICE_FAMILY = "1,2";
			};
			name = Debug;
		};
		B60779302458382700479C78 /* Release */ = {
			isa = XCBuildConfiguration;
			buildSettings = {
				ASSETCATALOG_COMPILER_APPICON_NAME = AppIcon;
				CODE_SIGN_ENTITLEMENTS = C19X/C19X.entitlements;
				CODE_SIGN_STYLE = Automatic;
				DEVELOPMENT_TEAM = 5NRR4P5W72;
				INFOPLIST_FILE = C19X/Info.plist;
				LD_RUNPATH_SEARCH_PATHS = (
					"$(inherited)",
					"@executable_path/Frameworks",
				);
				PRODUCT_BUNDLE_IDENTIFIER = org.c19x.C19X;
				PRODUCT_NAME = "$(TARGET_NAME)";
				SWIFT_VERSION = 5.0;
				TARGETED_DEVICE_FAMILY = "1,2";
			};
			name = Release;
		};
/* End XCBuildConfiguration section */

/* Begin XCConfigurationList section */
		B60779152458381E00479C78 /* Build configuration list for PBXProject "C19X" */ = {
			isa = XCConfigurationList;
			buildConfigurations = (
				B607792C2458382700479C78 /* Debug */,
				B607792D2458382700479C78 /* Release */,
			);
			defaultConfigurationIsVisible = 0;
			defaultConfigurationName = Release;
		};
		B607792E2458382700479C78 /* Build configuration list for PBXNativeTarget "C19X" */ = {
			isa = XCConfigurationList;
			buildConfigurations = (
				B607792F2458382700479C78 /* Debug */,
				B60779302458382700479C78 /* Release */,
			);
			defaultConfigurationIsVisible = 0;
			defaultConfigurationName = Release;
		};
/* End XCConfigurationList section */

/* Begin XCRemoteSwiftPackageReference section */
		B6077944245986DD00479C78 /* XCRemoteSwiftPackageReference "BigInt" */ = {
			isa = XCRemoteSwiftPackageReference;
			repositoryURL = "https://github.com/attaswift/BigInt.git";
			requirement = {
				kind = upToNextMajorVersion;
				minimumVersion = 5.1.0;
			};
		};
/* End XCRemoteSwiftPackageReference section */

/* Begin XCSwiftPackageProductDependency section */
		B6077945245986DD00479C78 /* BigInt */ = {
			isa = XCSwiftPackageProductDependency;
			package = B6077944245986DD00479C78 /* XCRemoteSwiftPackageReference "BigInt" */;
			productName = BigInt;
		};
/* End XCSwiftPackageProductDependency section */

/* Begin XCVersionGroup section */
		B60C0A1324629441002BA6A0 /* C19X.xcdatamodeld */ = {
			isa = XCVersionGroup;
			children = (
				B60C0A1424629441002BA6A0 /* C19X.xcdatamodel */,
			);
			currentVersion = B60C0A1424629441002BA6A0 /* C19X.xcdatamodel */;
			name = C19X.xcdatamodeld;
			path = C19X/C19X.xcdatamodeld;
			sourceTree = "<group>";
			versionGroupType = wrapper.xcdatamodel;
		};
/* End XCVersionGroup section */
	};
	rootObject = B60779122458381E00479C78 /* Project object */;
}
